
Microsoft Visual Studio Solution File, Format Version 12.00
# Visual Studio Version 17
VisualStudioVersion = 17.11.35327.3
MinimumVisualStudioVersion = 10.0.40219.1
Project("{FAE04EC0-301F-11D3-BF4B-00C04F79EFBC}") = "C# basit hesaplama işlemi", "C# basit hesaplama işlemi\C# basit hesaplama işlemi.csproj", "{43A262B8-3797-48E1-8CE5-B8504867A72D}"
EndProject
Global
	GlobalSection(SolutionConfigurationPlatforms) = preSolution
		Debug|Any CPU = Debug|Any CPU
		Release|Any CPU = Release|Any CPU
	EndGlobalSection
	GlobalSection(ProjectConfigurationPlatforms) = postSolution
		{43A262B8-3797-48E1-8CE5-B8504867A72D}.Debug|Any CPU.ActiveCfg = Debug|Any CPU
		{43A262B8-3797-48E1-8CE5-B8504867A72D}.Debug|Any CPU.Build.0 = Debug|Any CPU
		{43A262B8-3797-48E1-8CE5-B8504867A72D}.Release|Any CPU.ActiveCfg = Release|Any CPU
		{43A262B8-3797-48E1-8CE5-B8504867A72D}.Release|Any CPU.Build.0 = Release|Any CPU
	EndGlobalSection
	GlobalSection(SolutionProperties) = preSolution
		HideSolutionNode = FALSE
	EndGlobalSection
	GlobalSection(ExtensibilityGlobals) = postSolution
		SolutionGuid = {9E010B3C-2492-4ECA-85DC-B6856DC0A5C0}
	EndGlobalSection
EndGlobal
